
Microsoft Visual Studio Solution File, Format Version 12.00
Project("{FAE04EC0-301F-11D3-BF4B-00C04F79EFBC}") = "Raven.NET.Core", "Raven.NET.Core\Raven.NET.Core.csproj", "{14D14EA5-8149-459B-8FD9-77E9E6DE10A2}"
EndProject
Project("{FAE04EC0-301F-11D3-BF4B-00C04F79EFBC}") = "Raven.NET.Demo.Console", "Demos\Raven.NET.Demo.Console\Raven.NET.Demo.Console.csproj", "{B7AC75B9-45B7-40BD-B24F-CFB3C04D43EF}"
EndProject
Project("{FAE04EC0-301F-11D3-BF4B-00C04F79EFBC}") = "Raven.NET.Core.Tests", "Raven.NET.Core.Tests\Raven.NET.Core.Tests.csproj", "{BA46E0A9-15C6-4296-9478-446C1258EAD4}"
EndProject
Project("{FAE04EC0-301F-11D3-BF4B-00C04F79EFBC}") = "Riven.NET.Analytics", "Riven.NET.Analytics\Riven.NET.Analytics.csproj", "{3B57BDC5-197F-465D-876F-AAA3DE2FD13E}"
EndProject
Project("{FAE04EC0-301F-11D3-BF4B-00C04F79EFBC}") = "Raven.NET.Demo.WebApi", "Demos\Raven.NET.Demo.WebApi\Raven.NET.Demo.WebApi.csproj", "{2DA12178-4CCA-477E-BF21-87925ED1C86E}"
EndProject

Global
	GlobalSection(SolutionConfigurationPlatforms) = preSolution
		Debug|Any CPU = Debug|Any CPU
		Release|Any CPU = Release|Any CPU
	EndGlobalSection
	GlobalSection(ProjectConfigurationPlatforms) = postSolution
		{12CD41CB-FA14-465F-9C29-62D1AF0CEC7E}.Debug|Any CPU.ActiveCfg = Debug|Any CPU
		{12CD41CB-FA14-465F-9C29-62D1AF0CEC7E}.Debug|Any CPU.Build.0 = Debug|Any CPU
		{12CD41CB-FA14-465F-9C29-62D1AF0CEC7E}.Release|Any CPU.ActiveCfg = Release|Any CPU
		{12CD41CB-FA14-465F-9C29-62D1AF0CEC7E}.Release|Any CPU.Build.0 = Release|Any CPU
		{A1966F28-D7A4-458D-AD17-5AD8FD1B6704}.Debug|Any CPU.ActiveCfg = Debug|Any CPU
		{A1966F28-D7A4-458D-AD17-5AD8FD1B6704}.Debug|Any CPU.Build.0 = Debug|Any CPU
		{A1966F28-D7A4-458D-AD17-5AD8FD1B6704}.Release|Any CPU.ActiveCfg = Release|Any CPU
		{A1966F28-D7A4-458D-AD17-5AD8FD1B6704}.Release|Any CPU.Build.0 = Release|Any CPU
		{14D14EA5-8149-459B-8FD9-77E9E6DE10A2}.Debug|Any CPU.ActiveCfg = Debug|Any CPU
		{14D14EA5-8149-459B-8FD9-77E9E6DE10A2}.Debug|Any CPU.Build.0 = Debug|Any CPU
		{14D14EA5-8149-459B-8FD9-77E9E6DE10A2}.Release|Any CPU.ActiveCfg = Release|Any CPU
		{14D14EA5-8149-459B-8FD9-77E9E6DE10A2}.Release|Any CPU.Build.0 = Release|Any CPU
		{B7AC75B9-45B7-40BD-B24F-CFB3C04D43EF}.Debug|Any CPU.ActiveCfg = Debug|Any CPU
		{B7AC75B9-45B7-40BD-B24F-CFB3C04D43EF}.Debug|Any CPU.Build.0 = Debug|Any CPU
		{B7AC75B9-45B7-40BD-B24F-CFB3C04D43EF}.Release|Any CPU.ActiveCfg = Release|Any CPU
		{B7AC75B9-45B7-40BD-B24F-CFB3C04D43EF}.Release|Any CPU.Build.0 = Release|Any CPU
		{BA46E0A9-15C6-4296-9478-446C1258EAD4}.Debug|Any CPU.ActiveCfg = Debug|Any CPU
		{BA46E0A9-15C6-4296-9478-446C1258EAD4}.Debug|Any CPU.Build.0 = Debug|Any CPU
		{BA46E0A9-15C6-4296-9478-446C1258EAD4}.Release|Any CPU.ActiveCfg = Release|Any CPU
		{BA46E0A9-15C6-4296-9478-446C1258EAD4}.Release|Any CPU.Build.0 = Release|Any CPU
		{3B57BDC5-197F-465D-876F-AAA3DE2FD13E}.Debug|Any CPU.ActiveCfg = Debug|Any CPU
		{3B57BDC5-197F-465D-876F-AAA3DE2FD13E}.Debug|Any CPU.Build.0 = Debug|Any CPU
		{3B57BDC5-197F-465D-876F-AAA3DE2FD13E}.Release|Any CPU.ActiveCfg = Release|Any CPU
		{3B57BDC5-197F-465D-876F-AAA3DE2FD13E}.Release|Any CPU.Build.0 = Release|Any CPU
		{2DA12178-4CCA-477E-BF21-87925ED1C86E}.Debug|Any CPU.ActiveCfg = Debug|Any CPU
		{2DA12178-4CCA-477E-BF21-87925ED1C86E}.Debug|Any CPU.Build.0 = Debug|Any CPU
		{2DA12178-4CCA-477E-BF21-87925ED1C86E}.Release|Any CPU.ActiveCfg = Release|Any CPU
		{2DA12178-4CCA-477E-BF21-87925ED1C86E}.Release|Any CPU.Build.0 = Release|Any CPU
	EndGlobalSection
EndGlobal
